// !$*UTF8*$!
{
	archiveVersion = 1;
	classes = {
	};
	objectVersion = 46;
	objects = {

/* Begin PBXBuildFile section */
		C94921261893188900A0DBD9 /* AVFoundation.framework in Frameworks */ = {isa = PBXBuildFile; fileRef = C94921251893188900A0DBD9 /* AVFoundation.framework */; };
		C967AAB61893285500DD0B50 /* DemoConstants.m in Sources */ = {isa = PBXBuildFile; fileRef = C967AAB51893285500DD0B50 /* DemoConstants.m */; };
		C967AAC318932A4C00DD0B50 /* jd-duniway.caf in Resources */ = {isa = PBXBuildFile; fileRef = C967AAB818932A4C00DD0B50 /* jd-duniway.caf */; };
		C967AAC418932A4C00DD0B50 /* kbb-audio-thumb.png in Resources */ = {isa = PBXBuildFile; fileRef = C967AAB918932A4C00DD0B50 /* kbb-audio-thumb.png */; };
		C967AAC518932A4C00DD0B50 /* kbb-audio-thumb@2x.png in Resources */ = {isa = PBXBuildFile; fileRef = C967AABA18932A4C00DD0B50 /* kbb-audio-thumb@2x.png */; };
		C967AAC618932A4C00DD0B50 /* kbb-pause.png in Resources */ = {isa = PBXBuildFile; fileRef = C967AABB18932A4C00DD0B50 /* kbb-pause.png */; };
		C967AAC718932A4C00DD0B50 /* kbb-pause@2x.png in Resources */ = {isa = PBXBuildFile; fileRef = C967AABC18932A4C00DD0B50 /* kbb-pause@2x.png */; };
		C967AAC818932A4C00DD0B50 /* kbb-play.png in Resources */ = {isa = PBXBuildFile; fileRef = C967AABD18932A4C00DD0B50 /* kbb-play.png */; };
		C967AAC918932A4C00DD0B50 /* kbb-play@2x.png in Resources */ = {isa = PBXBuildFile; fileRef = C967AABE18932A4C00DD0B50 /* kbb-play@2x.png */; };
		C967AACA18932A4C00DD0B50 /* kbb-slider-2-empty.png in Resources */ = {isa = PBXBuildFile; fileRef = C967AABF18932A4C00DD0B50 /* kbb-slider-2-empty.png */; };
		C967AACB18932A4C00DD0B50 /* kbb-slider-2-empty@2x.png in Resources */ = {isa = PBXBuildFile; fileRef = C967AAC018932A4C00DD0B50 /* kbb-slider-2-empty@2x.png */; };
		C967AACC18932A4C00DD0B50 /* kbb-slider-2-filled.png in Resources */ = {isa = PBXBuildFile; fileRef = C967AAC118932A4C00DD0B50 /* kbb-slider-2-filled.png */; };
		C967AACD18932A4C00DD0B50 /* kbb-slider-2-filled@2x.png in Resources */ = {isa = PBXBuildFile; fileRef = C967AAC218932A4C00DD0B50 /* kbb-slider-2-filled@2x.png */; };
		C9E6917F1893017800CC9DF2 /* Foundation.framework in Frameworks */ = {isa = PBXBuildFile; fileRef = C9E6917E1893017800CC9DF2 /* Foundation.framework */; };
		C9E691811893017800CC9DF2 /* CoreGraphics.framework in Frameworks */ = {isa = PBXBuildFile; fileRef = C9E691801893017800CC9DF2 /* CoreGraphics.framework */; };
		C9E691831893017800CC9DF2 /* UIKit.framework in Frameworks */ = {isa = PBXBuildFile; fileRef = C9E691821893017800CC9DF2 /* UIKit.framework */; };
		C9E691891893017800CC9DF2 /* InfoPlist.strings in Resources */ = {isa = PBXBuildFile; fileRef = C9E691871893017800CC9DF2 /* InfoPlist.strings */; };
		C9E6918B1893017800CC9DF2 /* main.m in Sources */ = {isa = PBXBuildFile; fileRef = C9E6918A1893017800CC9DF2 /* main.m */; };
		C9E6918F1893017800CC9DF2 /* EWAAppDelegate.m in Sources */ = {isa = PBXBuildFile; fileRef = C9E6918E1893017800CC9DF2 /* EWAAppDelegate.m */; };
		C9E691951893017800CC9DF2 /* DemoViewController.m in Sources */ = {isa = PBXBuildFile; fileRef = C9E691941893017800CC9DF2 /* DemoViewController.m */; };
		C9E691971893017800CC9DF2 /* Images.xcassets in Resources */ = {isa = PBXBuildFile; fileRef = C9E691961893017800CC9DF2 /* Images.xcassets */; };
		C9E6919E1893017800CC9DF2 /* XCTest.framework in Frameworks */ = {isa = PBXBuildFile; fileRef = C9E6919D1893017800CC9DF2 /* XCTest.framework */; };
		C9E6919F1893017800CC9DF2 /* Foundation.framework in Frameworks */ = {isa = PBXBuildFile; fileRef = C9E6917E1893017800CC9DF2 /* Foundation.framework */; };
		C9E691A01893017800CC9DF2 /* UIKit.framework in Frameworks */ = {isa = PBXBuildFile; fileRef = C9E691821893017800CC9DF2 /* UIKit.framework */; };
		C9E691A81893017900CC9DF2 /* InfoPlist.strings in Resources */ = {isa = PBXBuildFile; fileRef = C9E691A61893017800CC9DF2 /* InfoPlist.strings */; };
		C9E691AA1893017900CC9DF2 /* EWAAudioPlayerViewDemoTests.m in Sources */ = {isa = PBXBuildFile; fileRef = C9E691A91893017900CC9DF2 /* EWAAudioPlayerViewDemoTests.m */; };
		C9E691B618930DDF00CC9DF2 /* EWAAudioPlayerView.m in Sources */ = {isa = PBXBuildFile; fileRef = C9E691B518930DDF00CC9DF2 /* EWAAudioPlayerView.m */; };
/* End PBXBuildFile section */

/* Begin PBXContainerItemProxy section */
		C9E691A11893017800CC9DF2 /* PBXContainerItemProxy */ = {
			isa = PBXContainerItemProxy;
			containerPortal = C9E691731893017800CC9DF2 /* Project object */;
			proxyType = 1;
			remoteGlobalIDString = C9E6917A1893017800CC9DF2;
			remoteInfo = EWAAudioPlayerViewDemo;
		};
/* End PBXContainerItemProxy section */

/* Begin PBXFileReference section */
		C94921251893188900A0DBD9 /* AVFoundation.framework */ = {isa = PBXFileReference; lastKnownFileType = wrapper.framework; name = AVFoundation.framework; path = System/Library/Frameworks/AVFoundation.framework; sourceTree = SDKROOT; };
		C967AAB41893285500DD0B50 /* DemoConstants.h */ = {isa = PBXFileReference; fileEncoding = 4; lastKnownFileType = sourcecode.c.h; path = DemoConstants.h; sourceTree = "<group>"; };
		C967AAB51893285500DD0B50 /* DemoConstants.m */ = {isa = PBXFileReference; fileEncoding = 4; lastKnownFileType = sourcecode.c.objc; path = DemoConstants.m; sourceTree = "<group>"; };
		C967AAB818932A4C00DD0B50 /* jd-duniway.caf */ = {isa = PBXFileReference; lastKnownFileType = file; name = "jd-duniway.caf"; path = "resources/jd-duniway.caf"; sourceTree = "<group>"; };
		C967AAB918932A4C00DD0B50 /* kbb-audio-thumb.png */ = {isa = PBXFileReference; lastKnownFileType = image.png; name = "kbb-audio-thumb.png"; path = "resources/kbb-audio-thumb.png"; sourceTree = "<group>"; };
		C967AABA18932A4C00DD0B50 /* kbb-audio-thumb@2x.png */ = {isa = PBXFileReference; lastKnownFileType = image.png; name = "kbb-audio-thumb@2x.png"; path = "resources/kbb-audio-thumb@2x.png"; sourceTree = "<group>"; };
		C967AABB18932A4C00DD0B50 /* kbb-pause.png */ = {isa = PBXFileReference; lastKnownFileType = image.png; name = "kbb-pause.png"; path = "resources/kbb-pause.png"; sourceTree = "<group>"; };
		C967AABC18932A4C00DD0B50 /* kbb-pause@2x.png */ = {isa = PBXFileReference; lastKnownFileType = image.png; name = "kbb-pause@2x.png"; path = "resources/kbb-pause@2x.png"; sourceTree = "<group>"; };
		C967AABD18932A4C00DD0B50 /* kbb-play.png */ = {isa = PBXFileReference; lastKnownFileType = image.png; name = "kbb-play.png"; path = "resources/kbb-play.png"; sourceTree = "<group>"; };
		C967AABE18932A4C00DD0B50 /* kbb-play@2x.png */ = {isa = PBXFileReference; lastKnownFileType = image.png; name = "kbb-play@2x.png"; path = "resources/kbb-play@2x.png"; sourceTree = "<group>"; };
		C967AABF18932A4C00DD0B50 /* kbb-slider-2-empty.png */ = {isa = PBXFileReference; lastKnownFileType = image.png; name = "kbb-slider-2-empty.png"; path = "resources/kbb-slider-2-empty.png"; sourceTree = "<group>"; };
		C967AAC018932A4C00DD0B50 /* kbb-slider-2-empty@2x.png */ = {isa = PBXFileReference; lastKnownFileType = image.png; name = "kbb-slider-2-empty@2x.png"; path = "resources/kbb-slider-2-empty@2x.png"; sourceTree = "<group>"; };
		C967AAC118932A4C00DD0B50 /* kbb-slider-2-filled.png */ = {isa = PBXFileReference; lastKnownFileType = image.png; name = "kbb-slider-2-filled.png"; path = "resources/kbb-slider-2-filled.png"; sourceTree = "<group>"; };
		C967AAC218932A4C00DD0B50 /* kbb-slider-2-filled@2x.png */ = {isa = PBXFileReference; lastKnownFileType = image.png; name = "kbb-slider-2-filled@2x.png"; path = "resources/kbb-slider-2-filled@2x.png"; sourceTree = "<group>"; };
		C9E6917B1893017800CC9DF2 /* EWAAudioPlayerViewDemo.app */ = {isa = PBXFileReference; explicitFileType = wrapper.application; includeInIndex = 0; path = EWAAudioPlayerViewDemo.app; sourceTree = BUILT_PRODUCTS_DIR; };
		C9E6917E1893017800CC9DF2 /* Foundation.framework */ = {isa = PBXFileReference; lastKnownFileType = wrapper.framework; name = Foundation.framework; path = System/Library/Frameworks/Foundation.framework; sourceTree = SDKROOT; };
		C9E691801893017800CC9DF2 /* CoreGraphics.framework */ = {isa = PBXFileReference; lastKnownFileType = wrapper.framework; name = CoreGraphics.framework; path = System/Library/Frameworks/CoreGraphics.framework; sourceTree = SDKROOT; };
		C9E691821893017800CC9DF2 /* UIKit.framework */ = {isa = PBXFileReference; lastKnownFileType = wrapper.framework; name = UIKit.framework; path = System/Library/Frameworks/UIKit.framework; sourceTree = SDKROOT; };
		C9E691861893017800CC9DF2 /* EWAAudioPlayerViewDemo-Info.plist */ = {isa = PBXFileReference; lastKnownFileType = text.plist.xml; path = "EWAAudioPlayerViewDemo-Info.plist"; sourceTree = "<group>"; };
		C9E691881893017800CC9DF2 /* en */ = {isa = PBXFileReference; lastKnownFileType = text.plist.strings; name = en; path = en.lproj/InfoPlist.strings; sourceTree = "<group>"; };
		C9E6918A1893017800CC9DF2 /* main.m */ = {isa = PBXFileReference; lastKnownFileType = sourcecode.c.objc; path = main.m; sourceTree = "<group>"; };
		C9E6918C1893017800CC9DF2 /* EWAAudioPlayerViewDemo-Prefix.pch */ = {isa = PBXFileReference; lastKnownFileType = sourcecode.c.h; path = "EWAAudioPlayerViewDemo-Prefix.pch"; sourceTree = "<group>"; };
		C9E6918D1893017800CC9DF2 /* EWAAppDelegate.h */ = {isa = PBXFileReference; lastKnownFileType = sourcecode.c.h; path = EWAAppDelegate.h; sourceTree = "<group>"; };
		C9E6918E1893017800CC9DF2 /* EWAAppDelegate.m */ = {isa = PBXFileReference; lastKnownFileType = sourcecode.c.objc; path = EWAAppDelegate.m; sourceTree = "<group>"; };
		C9E691931893017800CC9DF2 /* DemoViewController.h */ = {isa = PBXFileReference; lastKnownFileType = sourcecode.c.h; path = DemoViewController.h; sourceTree = "<group>"; };
		C9E691941893017800CC9DF2 /* DemoViewController.m */ = {isa = PBXFileReference; lastKnownFileType = sourcecode.c.objc; path = DemoViewController.m; sourceTree = "<group>"; };
		C9E691961893017800CC9DF2 /* Images.xcassets */ = {isa = PBXFileReference; lastKnownFileType = folder.assetcatalog; path = Images.xcassets; sourceTree = "<group>"; };
		C9E6919C1893017800CC9DF2 /* EWAAudioPlayerViewDemoTests.xctest */ = {isa = PBXFileReference; explicitFileType = wrapper.cfbundle; includeInIndex = 0; path = EWAAudioPlayerViewDemoTests.xctest; sourceTree = BUILT_PRODUCTS_DIR; };
		C9E6919D1893017800CC9DF2 /* XCTest.framework */ = {isa = PBXFileReference; lastKnownFileType = wrapper.framework; name = XCTest.framework; path = Library/Frameworks/XCTest.framework; sourceTree = DEVELOPER_DIR; };
		C9E691A51893017800CC9DF2 /* EWAAudioPlayerViewDemoTests-Info.plist */ = {isa = PBXFileReference; lastKnownFileType = text.plist.xml; path = "EWAAudioPlayerViewDemoTests-Info.plist"; sourceTree = "<group>"; };
		C9E691A71893017800CC9DF2 /* en */ = {isa = PBXFileReference; lastKnownFileType = text.plist.strings; name = en; path = en.lproj/InfoPlist.strings; sourceTree = "<group>"; };
		C9E691A91893017900CC9DF2 /* EWAAudioPlayerViewDemoTests.m */ = {isa = PBXFileReference; lastKnownFileType = sourcecode.c.objc; path = EWAAudioPlayerViewDemoTests.m; sourceTree = "<group>"; };
		C9E691B418930DDF00CC9DF2 /* EWAAudioPlayerView.h */ = {isa = PBXFileReference; fileEncoding = 4; lastKnownFileType = sourcecode.c.h; path = EWAAudioPlayerView.h; sourceTree = "<group>"; };
		C9E691B518930DDF00CC9DF2 /* EWAAudioPlayerView.m */ = {isa = PBXFileReference; fileEncoding = 4; lastKnownFileType = sourcecode.c.objc; path = EWAAudioPlayerView.m; sourceTree = "<group>"; };
/* End PBXFileReference section */

/* Begin PBXFrameworksBuildPhase section */
		C9E691781893017800CC9DF2 /* Frameworks */ = {
			isa = PBXFrameworksBuildPhase;
			buildActionMask = 2147483647;
			files = (
				C94921261893188900A0DBD9 /* AVFoundation.framework in Frameworks */,
				C9E691811893017800CC9DF2 /* CoreGraphics.framework in Frameworks */,
				C9E691831893017800CC9DF2 /* UIKit.framework in Frameworks */,
				C9E6917F1893017800CC9DF2 /* Foundation.framework in Frameworks */,
			);
			runOnlyForDeploymentPostprocessing = 0;
		};
		C9E691991893017800CC9DF2 /* Frameworks */ = {
			isa = PBXFrameworksBuildPhase;
			buildActionMask = 2147483647;
			files = (
				C9E6919E1893017800CC9DF2 /* XCTest.framework in Frameworks */,
				C9E691A01893017800CC9DF2 /* UIKit.framework in Frameworks */,
				C9E6919F1893017800CC9DF2 /* Foundation.framework in Frameworks */,
			);
			runOnlyForDeploymentPostprocessing = 0;
		};
/* End PBXFrameworksBuildPhase section */

/* Begin PBXGroup section */
		C967AAB7189328D600DD0B50 /* Resources */ = {
			isa = PBXGroup;
			children = (
				C967AAB818932A4C00DD0B50 /* jd-duniway.caf */,
				C967AAB918932A4C00DD0B50 /* kbb-audio-thumb.png */,
				C967AABA18932A4C00DD0B50 /* kbb-audio-thumb@2x.png */,
				C967AABB18932A4C00DD0B50 /* kbb-pause.png */,
				C967AABC18932A4C00DD0B50 /* kbb-pause@2x.png */,
				C967AABD18932A4C00DD0B50 /* kbb-play.png */,
				C967AABE18932A4C00DD0B50 /* kbb-play@2x.png */,
				C967AABF18932A4C00DD0B50 /* kbb-slider-2-empty.png */,
				C967AAC018932A4C00DD0B50 /* kbb-slider-2-empty@2x.png */,
				C967AAC118932A4C00DD0B50 /* kbb-slider-2-filled.png */,
				C967AAC218932A4C00DD0B50 /* kbb-slider-2-filled@2x.png */,
			);
			name = Resources;
			sourceTree = "<group>";
		};
		C9E691721893017800CC9DF2 = {
			isa = PBXGroup;
			children = (
				C9E691841893017800CC9DF2 /* EWAAudioPlayerViewDemo */,
				C9E691A31893017800CC9DF2 /* EWAAudioPlayerViewDemoTests */,
				C9E6917D1893017800CC9DF2 /* Frameworks */,
				C9E6917C1893017800CC9DF2 /* Products */,
			);
			sourceTree = "<group>";
		};
		C9E6917C1893017800CC9DF2 /* Products */ = {
			isa = PBXGroup;
			children = (
				C9E6917B1893017800CC9DF2 /* EWAAudioPlayerViewDemo.app */,
				C9E6919C1893017800CC9DF2 /* EWAAudioPlayerViewDemoTests.xctest */,
			);
			name = Products;
			sourceTree = "<group>";
		};
		C9E6917D1893017800CC9DF2 /* Frameworks */ = {
			isa = PBXGroup;
			children = (
				C94921251893188900A0DBD9 /* AVFoundation.framework */,
				C9E6917E1893017800CC9DF2 /* Foundation.framework */,
				C9E691801893017800CC9DF2 /* CoreGraphics.framework */,
				C9E691821893017800CC9DF2 /* UIKit.framework */,
				C9E6919D1893017800CC9DF2 /* XCTest.framework */,
			);
			name = Frameworks;
			sourceTree = "<group>";
		};
		C9E691841893017800CC9DF2 /* EWAAudioPlayerViewDemo */ = {
			isa = PBXGroup;
			children = (
				C9E6918D1893017800CC9DF2 /* EWAAppDelegate.h */,
				C9E6918E1893017800CC9DF2 /* EWAAppDelegate.m */,
				C9E691931893017800CC9DF2 /* DemoViewController.h */,
				C9E691941893017800CC9DF2 /* DemoViewController.m */,
				C967AAB41893285500DD0B50 /* DemoConstants.h */,
				C967AAB51893285500DD0B50 /* DemoConstants.m */,
				C967AAB7189328D600DD0B50 /* Resources */,
				C9E691B318930DDF00CC9DF2 /* EWAAudioPlayerView */,
				C9E691961893017800CC9DF2 /* Images.xcassets */,
				C9E691851893017800CC9DF2 /* Supporting Files */,
			);
			path = EWAAudioPlayerViewDemo;
			sourceTree = "<group>";
		};
		C9E691851893017800CC9DF2 /* Supporting Files */ = {
			isa = PBXGroup;
			children = (
				C9E691861893017800CC9DF2 /* EWAAudioPlayerViewDemo-Info.plist */,
				C9E691871893017800CC9DF2 /* InfoPlist.strings */,
				C9E6918A1893017800CC9DF2 /* main.m */,
				C9E6918C1893017800CC9DF2 /* EWAAudioPlayerViewDemo-Prefix.pch */,
			);
			name = "Supporting Files";
			sourceTree = "<group>";
		};
		C9E691A31893017800CC9DF2 /* EWAAudioPlayerViewDemoTests */ = {
			isa = PBXGroup;
			children = (
				C9E691A91893017900CC9DF2 /* EWAAudioPlayerViewDemoTests.m */,
				C9E691A41893017800CC9DF2 /* Supporting Files */,
			);
			path = EWAAudioPlayerViewDemoTests;
			sourceTree = "<group>";
		};
		C9E691A41893017800CC9DF2 /* Supporting Files */ = {
			isa = PBXGroup;
			children = (
				C9E691A51893017800CC9DF2 /* EWAAudioPlayerViewDemoTests-Info.plist */,
				C9E691A61893017800CC9DF2 /* InfoPlist.strings */,
			);
			name = "Supporting Files";
			sourceTree = "<group>";
		};
		C9E691B318930DDF00CC9DF2 /* EWAAudioPlayerView */ = {
			isa = PBXGroup;
			children = (
				C9E691B418930DDF00CC9DF2 /* EWAAudioPlayerView.h */,
				C9E691B518930DDF00CC9DF2 /* EWAAudioPlayerView.m */,
			);
			path = EWAAudioPlayerView;
			sourceTree = SOURCE_ROOT;
		};
/* End PBXGroup section */

/* Begin PBXNativeTarget section */
		C9E6917A1893017800CC9DF2 /* EWAAudioPlayerViewDemo */ = {
			isa = PBXNativeTarget;
			buildConfigurationList = C9E691AD1893017900CC9DF2 /* Build configuration list for PBXNativeTarget "EWAAudioPlayerViewDemo" */;
			buildPhases = (
				C9E691771893017800CC9DF2 /* Sources */,
				C9E691781893017800CC9DF2 /* Frameworks */,
				C9E691791893017800CC9DF2 /* Resources */,
			);
			buildRules = (
			);
			dependencies = (
			);
			name = EWAAudioPlayerViewDemo;
			productName = EWAAudioPlayerViewDemo;
			productReference = C9E6917B1893017800CC9DF2 /* EWAAudioPlayerViewDemo.app */;
			productType = "com.apple.product-type.application";
		};
		C9E6919B1893017800CC9DF2 /* EWAAudioPlayerViewDemoTests */ = {
			isa = PBXNativeTarget;
			buildConfigurationList = C9E691B01893017900CC9DF2 /* Build configuration list for PBXNativeTarget "EWAAudioPlayerViewDemoTests" */;
			buildPhases = (
				C9E691981893017800CC9DF2 /* Sources */,
				C9E691991893017800CC9DF2 /* Frameworks */,
				C9E6919A1893017800CC9DF2 /* Resources */,
			);
			buildRules = (
			);
			dependencies = (
				C9E691A21893017800CC9DF2 /* PBXTargetDependency */,
			);
			name = EWAAudioPlayerViewDemoTests;
			productName = EWAAudioPlayerViewDemoTests;
			productReference = C9E6919C1893017800CC9DF2 /* EWAAudioPlayerViewDemoTests.xctest */;
			productType = "com.apple.product-type.bundle.unit-test";
		};
/* End PBXNativeTarget section */

/* Begin PBXProject section */
		C9E691731893017800CC9DF2 /* Project object */ = {
			isa = PBXProject;
			attributes = {
				CLASSPREFIX = EWA;
				LastUpgradeCheck = 0500;
				ORGANIZATIONNAME = Elsewise;
				TargetAttributes = {
					C9E6919B1893017800CC9DF2 = {
						TestTargetID = C9E6917A1893017800CC9DF2;
					};
				};
			};
			buildConfigurationList = C9E691761893017800CC9DF2 /* Build configuration list for PBXProject "EWAAudioPlayerViewDemo" */;
			compatibilityVersion = "Xcode 3.2";
			developmentRegion = English;
			hasScannedForEncodings = 0;
			knownRegions = (
				en,
				Base,
			);
			mainGroup = C9E691721893017800CC9DF2;
			productRefGroup = C9E6917C1893017800CC9DF2 /* Products */;
			projectDirPath = "";
			projectRoot = "";
			targets = (
				C9E6917A1893017800CC9DF2 /* EWAAudioPlayerViewDemo */,
				C9E6919B1893017800CC9DF2 /* EWAAudioPlayerViewDemoTests */,
			);
		};
/* End PBXProject section */

/* Begin PBXResourcesBuildPhase section */
		C9E691791893017800CC9DF2 /* Resources */ = {
			isa = PBXResourcesBuildPhase;
			buildActionMask = 2147483647;
			files = (
				C967AAC618932A4C00DD0B50 /* kbb-pause.png in Resources */,
				C967AAC818932A4C00DD0B50 /* kbb-play.png in Resources */,
				C967AAC318932A4C00DD0B50 /* jd-duniway.caf in Resources */,
				C967AACD18932A4C00DD0B50 /* kbb-slider-2-filled@2x.png in Resources */,
				C967AAC418932A4C00DD0B50 /* kbb-audio-thumb.png in Resources */,
				C967AAC518932A4C00DD0B50 /* kbb-audio-thumb@2x.png in Resources */,
				C967AACC18932A4C00DD0B50 /* kbb-slider-2-filled.png in Resources */,
				C967AAC718932A4C00DD0B50 /* kbb-pause@2x.png in Resources */,
				C967AAC918932A4C00DD0B50 /* kbb-play@2x.png in Resources */,
				C967AACA18932A4C00DD0B50 /* kbb-slider-2-empty.png in Resources */,
				C9E691971893017800CC9DF2 /* Images.xcassets in Resources */,
				C9E691891893017800CC9DF2 /* InfoPlist.strings in Resources */,
				C967AACB18932A4C00DD0B50 /* kbb-slider-2-empty@2x.png in Resources */,
			);
			runOnlyForDeploymentPostprocessing = 0;
		};
		C9E6919A1893017800CC9DF2 /* Resources */ = {
			isa = PBXResourcesBuildPhase;
			buildActionMask = 2147483647;
			files = (
				C9E691A81893017900CC9DF2 /* InfoPlist.strings in Resources */,
			);
			runOnlyForDeploymentPostprocessing = 0;
		};
/* End PBXResourcesBuildPhase section */

/* Begin PBXSourcesBuildPhase section */
		C9E691771893017800CC9DF2 /* Sources */ = {
			isa = PBXSourcesBuildPhase;
			buildActionMask = 2147483647;
			files = (
				C9E691951893017800CC9DF2 /* DemoViewController.m in Sources */,
				C9E6918F1893017800CC9DF2 /* EWAAppDelegate.m in Sources */,
				C9E691B618930DDF00CC9DF2 /* EWAAudioPlayerView.m in Sources */,
				C967AAB61893285500DD0B50 /* DemoConstants.m in Sources */,
				C9E6918B1893017800CC9DF2 /* main.m in Sources */,
			);
			runOnlyForDeploymentPostprocessing = 0;
		};
		C9E691981893017800CC9DF2 /* Sources */ = {
			isa = PBXSourcesBuildPhase;
			buildActionMask = 2147483647;
			files = (
				C9E691AA1893017900CC9DF2 /* EWAAudioPlayerViewDemoTests.m in Sources */,
			);
			runOnlyForDeploymentPostprocessing = 0;
		};
/* End PBXSourcesBuildPhase section */

/* Begin PBXTargetDependency section */
		C9E691A21893017800CC9DF2 /* PBXTargetDependency */ = {
			isa = PBXTargetDependency;
			target = C9E6917A1893017800CC9DF2 /* EWAAudioPlayerViewDemo */;
			targetProxy = C9E691A11893017800CC9DF2 /* PBXContainerItemProxy */;
		};
/* End PBXTargetDependency section */

/* Begin PBXVariantGroup section */
		C9E691871893017800CC9DF2 /* InfoPlist.strings */ = {
			isa = PBXVariantGroup;
			children = (
				C9E691881893017800CC9DF2 /* en */,
			);
			name = InfoPlist.strings;
			sourceTree = "<group>";
		};
		C9E691A61893017800CC9DF2 /* InfoPlist.strings */ = {
			isa = PBXVariantGroup;
			children = (
				C9E691A71893017800CC9DF2 /* en */,
			);
			name = InfoPlist.strings;
			sourceTree = "<group>";
		};
/* End PBXVariantGroup section */

/* Begin XCBuildConfiguration section */
		C9E691AB1893017900CC9DF2 /* Debug */ = {
			isa = XCBuildConfiguration;
			buildSettings = {
				ALWAYS_SEARCH_USER_PATHS = NO;
				ARCHS = "$(ARCHS_STANDARD_INCLUDING_64_BIT)";
				CLANG_CXX_LANGUAGE_STANDARD = "gnu++0x";
				CLANG_CXX_LIBRARY = "libc++";
				CLANG_ENABLE_MODULES = YES;
				CLANG_ENABLE_OBJC_ARC = YES;
				CLANG_WARN_BOOL_CONVERSION = YES;
				CLANG_WARN_CONSTANT_CONVERSION = YES;
				CLANG_WARN_DIRECT_OBJC_ISA_USAGE = YES_ERROR;
				CLANG_WARN_EMPTY_BODY = YES;
				CLANG_WARN_ENUM_CONVERSION = YES;
				CLANG_WARN_INT_CONVERSION = YES;
				CLANG_WARN_OBJC_ROOT_CLASS = YES_ERROR;
				CLANG_WARN__DUPLICATE_METHOD_MATCH = YES;
				"CODE_SIGN_IDENTITY[sdk=iphoneos*]" = "iPhone Developer";
				COPY_PHASE_STRIP = NO;
				GCC_C_LANGUAGE_STANDARD = gnu99;
				GCC_DYNAMIC_NO_PIC = NO;
				GCC_OPTIMIZATION_LEVEL = 0;
				GCC_PREPROCESSOR_DEFINITIONS = (
					"DEBUG=1",
					"$(inherited)",
				);
				GCC_SYMBOLS_PRIVATE_EXTERN = NO;
				GCC_WARN_64_TO_32_BIT_CONVERSION = YES;
				GCC_WARN_ABOUT_RETURN_TYPE = YES_ERROR;
				GCC_WARN_UNDECLARED_SELECTOR = YES;
				GCC_WARN_UNINITIALIZED_AUTOS = YES;
				GCC_WARN_UNUSED_FUNCTION = YES;
				GCC_WARN_UNUSED_VARIABLE = YES;
				IPHONEOS_DEPLOYMENT_TARGET = 6.0;
				ONLY_ACTIVE_ARCH = YES;
				SDKROOT = iphoneos;
			};
			name = Debug;
		};
		C9E691AC1893017900CC9DF2 /* Release */ = {
			isa = XCBuildConfiguration;
			buildSettings = {
				ALWAYS_SEARCH_USER_PATHS = NO;
				ARCHS = "$(ARCHS_STANDARD_INCLUDING_64_BIT)";
				CLANG_CXX_LANGUAGE_STANDARD = "gnu++0x";
				CLANG_CXX_LIBRARY = "libc++";
				CLANG_ENABLE_MODULES = YES;
				CLANG_ENABLE_OBJC_ARC = YES;
				CLANG_WARN_BOOL_CONVERSION = YES;
				CLANG_WARN_CONSTANT_CONVERSION = YES;
				CLANG_WARN_DIRECT_OBJC_ISA_USAGE = YES_ERROR;
				CLANG_WARN_EMPTY_BODY = YES;
				CLANG_WARN_ENUM_CONVERSION = YES;
				CLANG_WARN_INT_CONVERSION = YES;
				CLANG_WARN_OBJC_ROOT_CLASS = YES_ERROR;
				CLANG_WARN__DUPLICATE_METHOD_MATCH = YES;
				"CODE_SIGN_IDENTITY[sdk=iphoneos*]" = "iPhone Developer";
				COPY_PHASE_STRIP = YES;
				ENABLE_NS_ASSERTIONS = NO;
				GCC_C_LANGUAGE_STANDARD = gnu99;
				GCC_WARN_64_TO_32_BIT_CONVERSION = YES;
				GCC_WARN_ABOUT_RETURN_TYPE = YES_ERROR;
				GCC_WARN_UNDECLARED_SELECTOR = YES;
				GCC_WARN_UNINITIALIZED_AUTOS = YES;
				GCC_WARN_UNUSED_FUNCTION = YES;
				GCC_WARN_UNUSED_VARIABLE = YES;
				IPHONEOS_DEPLOYMENT_TARGET = 6.0;
				SDKROOT = iphoneos;
				VALIDATE_PRODUCT = YES;
			};
			name = Release;
		};
		C9E691AE1893017900CC9DF2 /* Debug */ = {
			isa = XCBuildConfiguration;
			buildSettings = {
				ASSETCATALOG_COMPILER_APPICON_NAME = AppIcon;
				ASSETCATALOG_COMPILER_LAUNCHIMAGE_NAME = LaunchImage;
				GCC_PRECOMPILE_PREFIX_HEADER = YES;
				GCC_PREFIX_HEADER = "EWAAudioPlayerViewDemo/EWAAudioPlayerViewDemo-Prefix.pch";
				INFOPLIST_FILE = "EWAAudioPlayerViewDemo/EWAAudioPlayerViewDemo-Info.plist";
				IPHONEOS_DEPLOYMENT_TARGET = 6.0;
				PRODUCT_NAME = "$(TARGET_NAME)";
				WRAPPER_EXTENSION = app;
			};
			name = Debug;
		};
		C9E691AF1893017900CC9DF2 /* Release */ = {
			isa = XCBuildConfiguration;
			buildSettings = {
				ASSETCATALOG_COMPILER_APPICON_NAME = AppIcon;
				ASSETCATALOG_COMPILER_LAUNCHIMAGE_NAME = LaunchImage;
				GCC_PRECOMPILE_PREFIX_HEADER = YES;
				GCC_PREFIX_HEADER = "EWAAudioPlayerViewDemo/EWAAudioPlayerViewDemo-Prefix.pch";
				INFOPLIST_FILE = "EWAAudioPlayerViewDemo/EWAAudioPlayerViewDemo-Info.plist";
				IPHONEOS_DEPLOYMENT_TARGET = 6.0;
				PRODUCT_NAME = "$(TARGET_NAME)";
				WRAPPER_EXTENSION = app;
			};
			name = Release;
		};
		C9E691B11893017900CC9DF2 /* Debug */ = {
			isa = XCBuildConfiguration;
			buildSettings = {
				ARCHS = "$(ARCHS_STANDARD_INCLUDING_64_BIT)";
				BUNDLE_LOADER = "$(BUILT_PRODUCTS_DIR)/EWAAudioPlayerViewDemo.app/EWAAudioPlayerViewDemo";
				FRAMEWORK_SEARCH_PATHS = (
					"$(SDKROOT)/Developer/Library/Frameworks",
					"$(inherited)",
					"$(DEVELOPER_FRAMEWORKS_DIR)",
				);
				GCC_PRECOMPILE_PREFIX_HEADER = YES;
				GCC_PREFIX_HEADER = "EWAAudioPlayerViewDemo/EWAAudioPlayerViewDemo-Prefix.pch";
				GCC_PREPROCESSOR_DEFINITIONS = (
					"DEBUG=1",
					"$(inherited)",
				);
				INFOPLIST_FILE = "EWAAudioPlayerViewDemoTests/EWAAudioPlayerViewDemoTests-Info.plist";
				PRODUCT_NAME = "$(TARGET_NAME)";
				TEST_HOST = "$(BUNDLE_LOADER)";
				WRAPPER_EXTENSION = xctest;
			};
			name = Debug;
		};
		C9E691B21893017900CC9DF2 /* Release */ = {
			isa = XCBuildConfiguration;
			buildSettings = {
				ARCHS = "$(ARCHS_STANDARD_INCLUDING_64_BIT)";
				BUNDLE_LOADER = "$(BUILT_PRODUCTS_DIR)/EWAAudioPlayerViewDemo.app/EWAAudioPlayerViewDemo";
				FRAMEWORK_SEARCH_PATHS = (
					"$(SDKROOT)/Developer/Library/Frameworks",
					"$(inherited)",
					"$(DEVELOPER_FRAMEWORKS_DIR)",
				);
				GCC_PRECOMPILE_PREFIX_HEADER = YES;
				GCC_PREFIX_HEADER = "EWAAudioPlayerViewDemo/EWAAudioPlayerViewDemo-Prefix.pch";
				INFOPLIST_FILE = "EWAAudioPlayerViewDemoTests/EWAAudioPlayerViewDemoTests-Info.plist";
				PRODUCT_NAME = "$(TARGET_NAME)";
				TEST_HOST = "$(BUNDLE_LOADER)";
				WRAPPER_EXTENSION = xctest;
			};
			name = Release;
		};
/* End XCBuildConfiguration section */

/* Begin XCConfigurationList section */
		C9E691761893017800CC9DF2 /* Build configuration list for PBXProject "EWAAudioPlayerViewDemo" */ = {
			isa = XCConfigurationList;
			buildConfigurations = (
				C9E691AB1893017900CC9DF2 /* Debug */,
				C9E691AC1893017900CC9DF2 /* Release */,
			);
			defaultConfigurationIsVisible = 0;
			defaultConfigurationName = Release;
		};
		C9E691AD1893017900CC9DF2 /* Build configuration list for PBXNativeTarget "EWAAudioPlayerViewDemo" */ = {
			isa = XCConfigurationList;
			buildConfigurations = (
				C9E691AE1893017900CC9DF2 /* Debug */,
				C9E691AF1893017900CC9DF2 /* Release */,
			);
			defaultConfigurationIsVisible = 0;
			defaultConfigurationName = Release;
		};
		C9E691B01893017900CC9DF2 /* Build configuration list for PBXNativeTarget "EWAAudioPlayerViewDemoTests" */ = {
			isa = XCConfigurationList;
			buildConfigurations = (
				C9E691B11893017900CC9DF2 /* Debug */,
				C9E691B21893017900CC9DF2 /* Release */,
			);
			defaultConfigurationIsVisible = 0;
			defaultConfigurationName = Release;
		};
/* End XCConfigurationList section */
	};
	rootObject = C9E691731893017800CC9DF2 /* Project object */;
}
